// !$*UTF8*$!
{
	archiveVersion = 1;
	classes = {
	};
	objectVersion = 50;
	objects = {

/* Begin PBXBuildFile section */
		8C1BC74522F9932F004CDC24 /* ScopeViewController.swift in Sources */ = {isa = PBXBuildFile; fileRef = 8C1BC74422F9932F004CDC24 /* ScopeViewController.swift */; };
		8C934E98228AF67700443E68 /* AppDelegate.swift in Sources */ = {isa = PBXBuildFile; fileRef = 8C934E97228AF67700443E68 /* AppDelegate.swift */; };
		8C934E9D228AF67700443E68 /* Main.storyboard in Resources */ = {isa = PBXBuildFile; fileRef = 8C934E9B228AF67700443E68 /* Main.storyboard */; };
		8C934EA2228AF67900443E68 /* LaunchScreen.storyboard in Resources */ = {isa = PBXBuildFile; fileRef = 8C934EA0228AF67900443E68 /* LaunchScreen.storyboard */; };
		8C934EAD228AF67900443E68 /* AttysScopeTests.swift in Sources */ = {isa = PBXBuildFile; fileRef = 8C934EAC228AF67900443E68 /* AttysScopeTests.swift */; };
		8C934EB8228AF67A00443E68 /* AttysScopeUITests.swift in Sources */ = {isa = PBXBuildFile; fileRef = 8C934EB7228AF67A00443E68 /* AttysScopeUITests.swift */; };
/* End PBXBuildFile section */

/* Begin PBXContainerItemProxy section */
		8C934EA9228AF67900443E68 /* PBXContainerItemProxy */ = {
			isa = PBXContainerItemProxy;
			containerPortal = 8C934E8C228AF67700443E68 /* Project object */;
			proxyType = 1;
			remoteGlobalIDString = 8C934E93228AF67700443E68;
			remoteInfo = "Tinnitus Tailor";
		};
		8C934EB4228AF67900443E68 /* PBXContainerItemProxy */ = {
			isa = PBXContainerItemProxy;
			containerPortal = 8C934E8C228AF67700443E68 /* Project object */;
			proxyType = 1;
			remoteGlobalIDString = 8C934E93228AF67700443E68;
			remoteInfo = "Tinnitus Tailor";
		};
/* End PBXContainerItemProxy section */

/* Begin PBXFileReference section */
		8C1BC74422F9932F004CDC24 /* ScopeViewController.swift */ = {isa = PBXFileReference; lastKnownFileType = sourcecode.swift; path = ScopeViewController.swift; sourceTree = "<group>"; };
		8C934E94228AF67700443E68 /* AttysScope.app */ = {isa = PBXFileReference; explicitFileType = wrapper.application; includeInIndex = 0; path = AttysScope.app; sourceTree = BUILT_PRODUCTS_DIR; };
		8C934E97228AF67700443E68 /* AppDelegate.swift */ = {isa = PBXFileReference; lastKnownFileType = sourcecode.swift; path = AppDelegate.swift; sourceTree = "<group>"; };
		8C934E9C228AF67700443E68 /* Base */ = {isa = PBXFileReference; lastKnownFileType = file.storyboard; name = Base; path = Base.lproj/Main.storyboard; sourceTree = "<group>"; };
		8C934EA1228AF67900443E68 /* Base */ = {isa = PBXFileReference; lastKnownFileType = file.storyboard; name = Base; path = Base.lproj/LaunchScreen.storyboard; sourceTree = "<group>"; };
		8C934EA3228AF67900443E68 /* Info.plist */ = {isa = PBXFileReference; lastKnownFileType = text.plist.xml; path = Info.plist; sourceTree = "<group>"; };
		8C934EA8228AF67900443E68 /* AttysScopeTests.xctest */ = {isa = PBXFileReference; explicitFileType = wrapper.cfbundle; includeInIndex = 0; path = AttysScopeTests.xctest; sourceTree = BUILT_PRODUCTS_DIR; };
		8C934EAC228AF67900443E68 /* AttysScopeTests.swift */ = {isa = PBXFileReference; lastKnownFileType = sourcecode.swift; path = AttysScopeTests.swift; sourceTree = "<group>"; };
		8C934EAE228AF67900443E68 /* Info.plist */ = {isa = PBXFileReference; lastKnownFileType = text.plist.xml; path = Info.plist; sourceTree = "<group>"; };
		8C934EB3228AF67900443E68 /* AttysScopeUITests.xctest */ = {isa = PBXFileReference; explicitFileType = wrapper.cfbundle; includeInIndex = 0; path = AttysScopeUITests.xctest; sourceTree = BUILT_PRODUCTS_DIR; };
		8C934EB7228AF67A00443E68 /* AttysScopeUITests.swift */ = {isa = PBXFileReference; lastKnownFileType = sourcecode.swift; path = AttysScopeUITests.swift; sourceTree = "<group>"; };
		8C934EB9228AF67A00443E68 /* Info.plist */ = {isa = PBXFileReference; lastKnownFileType = text.plist.xml; path = Info.plist; sourceTree = "<group>"; };
/* End PBXFileReference section */

/* Begin PBXFrameworksBuildPhase section */
		8C934E91228AF67700443E68 /* Frameworks */ = {
			isa = PBXFrameworksBuildPhase;
			buildActionMask = 2147483647;
			files = (
			);
			runOnlyForDeploymentPostprocessing = 0;
		};
		8C934EA5228AF67900443E68 /* Frameworks */ = {
			isa = PBXFrameworksBuildPhase;
			buildActionMask = 2147483647;
			files = (
			);
			runOnlyForDeploymentPostprocessing = 0;
		};
		8C934EB0228AF67900443E68 /* Frameworks */ = {
			isa = PBXFrameworksBuildPhase;
			buildActionMask = 2147483647;
			files = (
			);
			runOnlyForDeploymentPostprocessing = 0;
		};
/* End PBXFrameworksBuildPhase section */

/* Begin PBXGroup section */
		8C934E8B228AF67700443E68 = {
			isa = PBXGroup;
			children = (
				8C934E96228AF67700443E68 /* AttysScope */,
				8C934EAB228AF67900443E68 /* AttysScopeTests */,
				8C934EB6228AF67A00443E68 /* AttysScopeUITests */,
				8C934E95228AF67700443E68 /* Products */,
				C8E24E728FA78B239054C80C /* Pods */,
			);
			sourceTree = "<group>";
		};
		8C934E95228AF67700443E68 /* Products */ = {
			isa = PBXGroup;
			children = (
				8C934E94228AF67700443E68 /* AttysScope.app */,
				8C934EA8228AF67900443E68 /* AttysScopeTests.xctest */,
				8C934EB3228AF67900443E68 /* AttysScopeUITests.xctest */,
			);
			name = Products;
			sourceTree = "<group>";
		};
		8C934E96228AF67700443E68 /* AttysScope */ = {
			isa = PBXGroup;
			children = (
				8C934E97228AF67700443E68 /* AppDelegate.swift */,
				8C1BC74422F9932F004CDC24 /* ScopeViewController.swift */,
				8C934E9B228AF67700443E68 /* Main.storyboard */,
				8C934EA0228AF67900443E68 /* LaunchScreen.storyboard */,
				8C934EA3228AF67900443E68 /* Info.plist */,
			);
			path = AttysScope;
			sourceTree = "<group>";
		};
		8C934EAB228AF67900443E68 /* AttysScopeTests */ = {
			isa = PBXGroup;
			children = (
				8C934EAC228AF67900443E68 /* AttysScopeTests.swift */,
				8C934EAE228AF67900443E68 /* Info.plist */,
			);
			path = AttysScopeTests;
			sourceTree = "<group>";
		};
		8C934EB6228AF67A00443E68 /* AttysScopeUITests */ = {
			isa = PBXGroup;
			children = (
				8C934EB7228AF67A00443E68 /* AttysScopeUITests.swift */,
				8C934EB9228AF67A00443E68 /* Info.plist */,
			);
			path = AttysScopeUITests;
			sourceTree = "<group>";
		};
		C8E24E728FA78B239054C80C /* Pods */ = {
			isa = PBXGroup;
			children = (
			);
			path = Pods;
			sourceTree = "<group>";
		};
/* End PBXGroup section */

/* Begin PBXNativeTarget section */
		8C934E93228AF67700443E68 /* AttysScope */ = {
			isa = PBXNativeTarget;
			buildConfigurationList = 8C934EBC228AF67A00443E68 /* Build configuration list for PBXNativeTarget "AttysScope" */;
			buildPhases = (
				8C934E90228AF67700443E68 /* Sources */,
				8C934E91228AF67700443E68 /* Frameworks */,
				8C934E92228AF67700443E68 /* Resources */,
			);
			buildRules = (
			);
			dependencies = (
			);
			name = AttysScope;
			productName = "Tinnitus Tailor";
			productReference = 8C934E94228AF67700443E68 /* AttysScope.app */;
			productType = "com.apple.product-type.application";
		};
		8C934EA7228AF67900443E68 /* AttysScopeTests */ = {
			isa = PBXNativeTarget;
			buildConfigurationList = 8C934EBF228AF67A00443E68 /* Build configuration list for PBXNativeTarget "AttysScopeTests" */;
			buildPhases = (
				8C934EA4228AF67900443E68 /* Sources */,
				8C934EA5228AF67900443E68 /* Frameworks */,
				8C934EA6228AF67900443E68 /* Resources */,
			);
			buildRules = (
			);
			dependencies = (
				8C934EAA228AF67900443E68 /* PBXTargetDependency */,
			);
			name = AttysScopeTests;
			productName = "Tinnitus TailorTests";
			productReference = 8C934EA8228AF67900443E68 /* AttysScopeTests.xctest */;
			productType = "com.apple.product-type.bundle.unit-test";
		};
		8C934EB2228AF67900443E68 /* AttysScopeUITests */ = {
			isa = PBXNativeTarget;
			buildConfigurationList = 8C934EC2228AF67A00443E68 /* Build configuration list for PBXNativeTarget "AttysScopeUITests" */;
			buildPhases = (
				8C934EAF228AF67900443E68 /* Sources */,
				8C934EB0228AF67900443E68 /* Frameworks */,
				8C934EB1228AF67900443E68 /* Resources */,
			);
			buildRules = (
			);
			dependencies = (
				8C934EB5228AF67900443E68 /* PBXTargetDependency */,
			);
			name = AttysScopeUITests;
			productName = "Tinnitus TailorUITests";
			productReference = 8C934EB3228AF67900443E68 /* AttysScopeUITests.xctest */;
			productType = "com.apple.product-type.bundle.ui-testing";
		};
/* End PBXNativeTarget section */

/* Begin PBXProject section */
		8C934E8C228AF67700443E68 /* Project object */ = {
			isa = PBXProject;
			attributes = {
				LastSwiftUpdateCheck = 1020;
				LastUpgradeCheck = 1020;
				ORGANIZATIONNAME = "Bernd Porr";
				TargetAttributes = {
					8C934E93228AF67700443E68 = {
						CreatedOnToolsVersion = 10.2.1;
					};
					8C934EA7228AF67900443E68 = {
						CreatedOnToolsVersion = 10.2.1;
						TestTargetID = 8C934E93228AF67700443E68;
					};
					8C934EB2228AF67900443E68 = {
						CreatedOnToolsVersion = 10.2.1;
						TestTargetID = 8C934E93228AF67700443E68;
					};
				};
			};
			buildConfigurationList = 8C934E8F228AF67700443E68 /* Build configuration list for PBXProject "AttysScope" */;
			compatibilityVersion = "Xcode 9.3";
			developmentRegion = en;
			hasScannedForEncodings = 0;
			knownRegions = (
				en,
				Base,
			);
			mainGroup = 8C934E8B228AF67700443E68;
			productRefGroup = 8C934E95228AF67700443E68 /* Products */;
			projectDirPath = "";
			projectRoot = "";
			targets = (
				8C934E93228AF67700443E68 /* AttysScope */,
				8C934EA7228AF67900443E68 /* AttysScopeTests */,
				8C934EB2228AF67900443E68 /* AttysScopeUITests */,
			);
		};
/* End PBXProject section */

/* Begin PBXResourcesBuildPhase section */
		8C934E92228AF67700443E68 /* Resources */ = {
			isa = PBXResourcesBuildPhase;
			buildActionMask = 2147483647;
			files = (
				8C934EA2228AF67900443E68 /* LaunchScreen.storyboard in Resources */,
				8C934E9D228AF67700443E68 /* Main.storyboard in Resources */,
			);
			runOnlyForDeploymentPostprocessing = 0;
		};
		8C934EA6228AF67900443E68 /* Resources */ = {
			isa = PBXResourcesBuildPhase;
			buildActionMask = 2147483647;
			files = (
			);
			runOnlyForDeploymentPostprocessing = 0;
		};
		8C934EB1228AF67900443E68 /* Resources */ = {
			isa = PBXResourcesBuildPhase;
			buildActionMask = 2147483647;
			files = (
			);
			runOnlyForDeploymentPostprocessing = 0;
		};
/* End PBXResourcesBuildPhase section */

/* Begin PBXSourcesBuildPhase section */
		8C934E90228AF67700443E68 /* Sources */ = {
			isa = PBXSourcesBuildPhase;
			buildActionMask = 2147483647;
			files = (
				8C1BC74522F9932F004CDC24 /* ScopeViewController.swift in Sources */,
				8C934E98228AF67700443E68 /* AppDelegate.swift in Sources */,
			);
			runOnlyForDeploymentPostprocessing = 0;
		};
		8C934EA4228AF67900443E68 /* Sources */ = {
			isa = PBXSourcesBuildPhase;
			buildActionMask = 2147483647;
			files = (
				8C934EAD228AF67900443E68 /* AttysScopeTests.swift in Sources */,
			);
			runOnlyForDeploymentPostprocessing = 0;
		};
		8C934EAF228AF67900443E68 /* Sources */ = {
			isa = PBXSourcesBuildPhase;
			buildActionMask = 2147483647;
			files = (
				8C934EB8228AF67A00443E68 /* AttysScopeUITests.swift in Sources */,
			);
			runOnlyForDeploymentPostprocessing = 0;
		};
/* End PBXSourcesBuildPhase section */

/* Begin PBXTargetDependency section */
		8C934EAA228AF67900443E68 /* PBXTargetDependency */ = {
			isa = PBXTargetDependency;
			target = 8C934E93228AF67700443E68 /* AttysScope */;
			targetProxy = 8C934EA9228AF67900443E68 /* PBXContainerItemProxy */;
		};
		8C934EB5228AF67900443E68 /* PBXTargetDependency */ = {
			isa = PBXTargetDependency;
			target = 8C934E93228AF67700443E68 /* AttysScope */;
			targetProxy = 8C934EB4228AF67900443E68 /* PBXContainerItemProxy */;
		};
/* End PBXTargetDependency section */

/* Begin PBXVariantGroup section */
		8C934E9B228AF67700443E68 /* Main.storyboard */ = {
			isa = PBXVariantGroup;
			children = (
				8C934E9C228AF67700443E68 /* Base */,
			);
			name = Main.storyboard;
			sourceTree = "<group>";
		};
		8C934EA0228AF67900443E68 /* LaunchScreen.storyboard */ = {
			isa = PBXVariantGroup;
			children = (
				8C934EA1228AF67900443E68 /* Base */,
			);
			name = LaunchScreen.storyboard;
			sourceTree = "<group>";
		};
/* End PBXVariantGroup section */

/* Begin XCBuildConfiguration section */
		8C934EBA228AF67A00443E68 /* Debug */ = {
			isa = XCBuildConfiguration;
			buildSettings = {
				ALWAYS_SEARCH_USER_PATHS = NO;
				CLANG_ANALYZER_NONNULL = YES;
				CLANG_ANALYZER_NUMBER_OBJECT_CONVERSION = YES_AGGRESSIVE;
				CLANG_CXX_LANGUAGE_STANDARD = "gnu++14";
				CLANG_CXX_LIBRARY = "libc++";
				CLANG_ENABLE_MODULES = YES;
				CLANG_ENABLE_OBJC_ARC = YES;
				CLANG_ENABLE_OBJC_WEAK = YES;
				CLANG_WARN_BLOCK_CAPTURE_AUTORELEASING = YES;
				CLANG_WARN_BOOL_CONVERSION = YES;
				CLANG_WARN_COMMA = YES;
				CLANG_WARN_CONSTANT_CONVERSION = YES;
				CLANG_WARN_DEPRECATED_OBJC_IMPLEMENTATIONS = YES;
				CLANG_WARN_DIRECT_OBJC_ISA_USAGE = YES_ERROR;
				CLANG_WARN_DOCUMENTATION_COMMENTS = YES;
				CLANG_WARN_EMPTY_BODY = YES;
				CLANG_WARN_ENUM_CONVERSION = YES;
				CLANG_WARN_INFINITE_RECURSION = YES;
				CLANG_WARN_INT_CONVERSION = YES;
				CLANG_WARN_NON_LITERAL_NULL_CONVERSION = YES;
				CLANG_WARN_OBJC_IMPLICIT_RETAIN_SELF = YES;
				CLANG_WARN_OBJC_LITERAL_CONVERSION = YES;
				CLANG_WARN_OBJC_ROOT_CLASS = YES_ERROR;
				CLANG_WARN_RANGE_LOOP_ANALYSIS = YES;
				CLANG_WARN_STRICT_PROTOTYPES = YES;
				CLANG_WARN_SUSPICIOUS_MOVE = YES;
				CLANG_WARN_UNGUARDED_AVAILABILITY = YES_AGGRESSIVE;
				CLANG_WARN_UNREACHABLE_CODE = YES;
				CLANG_WARN__DUPLICATE_METHOD_MATCH = YES;
				CODE_SIGN_IDENTITY = "iPhone Developer";
				COPY_PHASE_STRIP = NO;
				DEBUG_INFORMATION_FORMAT = dwarf;
				ENABLE_STRICT_OBJC_MSGSEND = YES;
				ENABLE_TESTABILITY = YES;
				GCC_C_LANGUAGE_STANDARD = gnu11;
				GCC_DYNAMIC_NO_PIC = NO;
				GCC_NO_COMMON_BLOCKS = YES;
				GCC_OPTIMIZATION_LEVEL = 0;
				GCC_PREPROCESSOR_DEFINITIONS = (
					"DEBUG=1",
					"$(inherited)",
				);
				GCC_WARN_64_TO_32_BIT_CONVERSION = YES;
				GCC_WARN_ABOUT_RETURN_TYPE = YES_ERROR;
				GCC_WARN_UNDECLARED_SELECTOR = YES;
				GCC_WARN_UNINITIALIZED_AUTOS = YES_AGGRESSIVE;
				GCC_WARN_UNUSED_FUNCTION = YES;
				GCC_WARN_UNUSED_VARIABLE = YES;
				IPHONEOS_DEPLOYMENT_TARGET = 12.2;
				MTL_ENABLE_DEBUG_INFO = INCLUDE_SOURCE;
				MTL_FAST_MATH = YES;
				ONLY_ACTIVE_ARCH = YES;
				SDKROOT = iphoneos;
				SWIFT_ACTIVE_COMPILATION_CONDITIONS = DEBUG;
				SWIFT_OPTIMIZATION_LEVEL = "-Onone";
			};
			name = Debug;
		};
		8C934EBB228AF67A00443E68 /* Release */ = {
			isa = XCBuildConfiguration;
			buildSettings = {
				ALWAYS_SEARCH_USER_PATHS = NO;
				CLANG_ANALYZER_NONNULL = YES;
				CLANG_ANALYZER_NUMBER_OBJECT_CONVERSION = YES_AGGRESSIVE;
				CLANG_CXX_LANGUAGE_STANDARD = "gnu++14";
				CLANG_CXX_LIBRARY = "libc++";
				CLANG_ENABLE_MODULES = YES;
				CLANG_ENABLE_OBJC_ARC = YES;
				CLANG_ENABLE_OBJC_WEAK = YES;
				CLANG_WARN_BLOCK_CAPTURE_AUTORELEASING = YES;
				CLANG_WARN_BOOL_CONVERSION = YES;
				CLANG_WARN_COMMA = YES;
				CLANG_WARN_CONSTANT_CONVERSION = YES;
				CLANG_WARN_DEPRECATED_OBJC_IMPLEMENTATIONS = YES;
				CLANG_WARN_DIRECT_OBJC_ISA_USAGE = YES_ERROR;
				CLANG_WARN_DOCUMENTATION_COMMENTS = YES;
				CLANG_WARN_EMPTY_BODY = YES;
				CLANG_WARN_ENUM_CONVERSION = YES;
				CLANG_WARN_INFINITE_RECURSION = YES;
				CLANG_WARN_INT_CONVERSION = YES;
				CLANG_WARN_NON_LITERAL_NULL_CONVERSION = YES;
				CLANG_WARN_OBJC_IMPLICIT_RETAIN_SELF = YES;
				CLANG_WARN_OBJC_LITERAL_CONVERSION = YES;
				CLANG_WARN_OBJC_ROOT_CLASS = YES_ERROR;
				CLANG_WARN_RANGE_LOOP_ANALYSIS = YES;
				CLANG_WARN_STRICT_PROTOTYPES = YES;
				CLANG_WARN_SUSPICIOUS_MOVE = YES;
				CLANG_WARN_UNGUARDED_AVAILABILITY = YES_AGGRESSIVE;
				CLANG_WARN_UNREACHABLE_CODE = YES;
				CLANG_WARN__DUPLICATE_METHOD_MATCH = YES;
				CODE_SIGN_IDENTITY = "iPhone Developer";
				COPY_PHASE_STRIP = NO;
				DEBUG_INFORMATION_FORMAT = "dwarf-with-dsym";
				ENABLE_NS_ASSERTIONS = NO;
				ENABLE_STRICT_OBJC_MSGSEND = YES;
				GCC_C_LANGUAGE_STANDARD = gnu11;
				GCC_NO_COMMON_BLOCKS = YES;
				GCC_WARN_64_TO_32_BIT_CONVERSION = YES;
				GCC_WARN_ABOUT_RETURN_TYPE = YES_ERROR;
				GCC_WARN_UNDECLARED_SELECTOR = YES;
				GCC_WARN_UNINITIALIZED_AUTOS = YES_AGGRESSIVE;
				GCC_WARN_UNUSED_FUNCTION = YES;
				GCC_WARN_UNUSED_VARIABLE = YES;
				IPHONEOS_DEPLOYMENT_TARGET = 12.2;
				MTL_ENABLE_DEBUG_INFO = NO;
				MTL_FAST_MATH = YES;
				SDKROOT = iphoneos;
				SWIFT_COMPILATION_MODE = wholemodule;
				SWIFT_OPTIMIZATION_LEVEL = "-O";
				VALIDATE_PRODUCT = YES;
			};
			name = Release;
		};
		8C934EBD228AF67A00443E68 /* Debug */ = {
			isa = XCBuildConfiguration;
			buildSettings = {
				ASSETCATALOG_COMPILER_APPICON_NAME = AppIcon;
				CODE_SIGN_STYLE = Automatic;
				DEVELOPMENT_TEAM = 4582XX5NDQ;
				INFOPLIST_FILE = AttysScope/Info.plist;
				LD_RUNPATH_SEARCH_PATHS = (
					"$(inherited)",
					"@executable_path/Frameworks",
				);
				PRODUCT_BUNDLE_IDENTIFIER = "Glasgow-Neuro-LTD.AttysScope";
				PRODUCT_NAME = AttysScope;
				SWIFT_VERSION = 5.0;
				TARGETED_DEVICE_FAMILY = 1;
			};
			name = Debug;
		};
		8C934EBE228AF67A00443E68 /* Release */ = {
			isa = XCBuildConfiguration;
			buildSettings = {
				ASSETCATALOG_COMPILER_APPICON_NAME = AppIcon;
				CODE_SIGN_STYLE = Automatic;
				DEVELOPMENT_TEAM = 4582XX5NDQ;
				INFOPLIST_FILE = AttysScope/Info.plist;
				LD_RUNPATH_SEARCH_PATHS = (
					"$(inherited)",
					"@executable_path/Frameworks",
				);
				PRODUCT_BUNDLE_IDENTIFIER = "Glasgow-Neuro-LTD.AttysScope";
				PRODUCT_NAME = AttysScope;
				SWIFT_VERSION = 5.0;
				TARGETED_DEVICE_FAMILY = 1;
			};
			name = Release;
		};
		8C934EC0228AF67A00443E68 /* Debug */ = {
			isa = XCBuildConfiguration;
			buildSettings = {
				ALWAYS_EMBED_SWIFT_STANDARD_LIBRARIES = YES;
				BUNDLE_LOADER = "$(TEST_HOST)";
				CODE_SIGN_STYLE = Automatic;
				INFOPLIST_FILE = "Tinnitus TailorTests/Info.plist";
				LD_RUNPATH_SEARCH_PATHS = (
					"$(inherited)",
					"@executable_path/Frameworks",
					"@loader_path/Frameworks",
				);
				PRODUCT_BUNDLE_IDENTIFIER = "Glasgow-Neuro-LTD.Tinnitus-TailorTests";
				PRODUCT_NAME = "$(TARGET_NAME)";
				SWIFT_VERSION = 5.0;
				TARGETED_DEVICE_FAMILY = "1,2";
				TEST_HOST = "$(BUILT_PRODUCTS_DIR)/AttysScope.app/AttysScope";
			};
			name = Debug;
		};
		8C934EC1228AF67A00443E68 /* Release */ = {
			isa = XCBuildConfiguration;
			buildSettings = {
				ALWAYS_EMBED_SWIFT_STANDARD_LIBRARIES = YES;
				BUNDLE_LOADER = "$(TEST_HOST)";
				CODE_SIGN_STYLE = Automatic;
				INFOPLIST_FILE = "Tinnitus TailorTests/Info.plist";
				LD_RUNPATH_SEARCH_PATHS = (
					"$(inherited)",
					"@executable_path/Frameworks",
					"@loader_path/Frameworks",
				);
				PRODUCT_BUNDLE_IDENTIFIER = "Glasgow-Neuro-LTD.Tinnitus-TailorTests";
				PRODUCT_NAME = "$(TARGET_NAME)";
				SWIFT_VERSION = 5.0;
				TARGETED_DEVICE_FAMILY = "1,2";
				TEST_HOST = "$(BUILT_PRODUCTS_DIR)/AttysScope.app/AttysScope";
			};
			name = Release;
		};
		8C934EC3228AF67A00443E68 /* Debug */ = {
			isa = XCBuildConfiguration;
			buildSettings = {
				ALWAYS_EMBED_SWIFT_STANDARD_LIBRARIES = YES;
				CODE_SIGN_STYLE = Automatic;
				INFOPLIST_FILE = "Tinnitus TailorUITests/Info.plist";
				LD_RUNPATH_SEARCH_PATHS = (
					"$(inherited)",
					"@executable_path/Frameworks",
					"@loader_path/Frameworks",
				);
				PRODUCT_BUNDLE_IDENTIFIER = "Glasgow-Neuro-LTD.Tinnitus-TailorUITests";
				PRODUCT_NAME = "$(TARGET_NAME)";
				SWIFT_VERSION = 5.0;
				TARGETED_DEVICE_FAMILY = "1,2";
				TEST_TARGET_NAME = "Tinnitus Tailor";
			};
			name = Debug;
		};
		8C934EC4228AF67A00443E68 /* Release */ = {
			isa = XCBuildConfiguration;
			buildSettings = {
				ALWAYS_EMBED_SWIFT_STANDARD_LIBRARIES = YES;
				CODE_SIGN_STYLE = Automatic;
				INFOPLIST_FILE = "Tinnitus TailorUITests/Info.plist";
				LD_RUNPATH_SEARCH_PATHS = (
					"$(inherited)",
					"@executable_path/Frameworks",
					"@loader_path/Frameworks",
				);
				PRODUCT_BUNDLE_IDENTIFIER = "Glasgow-Neuro-LTD.Tinnitus-TailorUITests";
				PRODUCT_NAME = "$(TARGET_NAME)";
				SWIFT_VERSION = 5.0;
				TARGETED_DEVICE_FAMILY = "1,2";
				TEST_TARGET_NAME = "Tinnitus Tailor";
			};
			name = Release;
		};
/* End XCBuildConfiguration section */

/* Begin XCConfigurationList section */
		8C934E8F228AF67700443E68 /* Build configuration list for PBXProject "AttysScope" */ = {
			isa = XCConfigurationList;
			buildConfigurations = (
				8C934EBA228AF67A00443E68 /* Debug */,
				8C934EBB228AF67A00443E68 /* Release */,
			);
			defaultConfigurationIsVisible = 0;
			defaultConfigurationName = Release;
		};
		8C934EBC228AF67A00443E68 /* Build configuration list for PBXNativeTarget "AttysScope" */ = {
			isa = XCConfigurationList;
			buildConfigurations = (
				8C934EBD228AF67A00443E68 /* Debug */,
				8C934EBE228AF67A00443E68 /* Release */,
			);
			defaultConfigurationIsVisible = 0;
			defaultConfigurationName = Release;
		};
		8C934EBF228AF67A00443E68 /* Build configuration list for PBXNativeTarget "AttysScopeTests" */ = {
			isa = XCConfigurationList;
			buildConfigurations = (
				8C934EC0228AF67A00443E68 /* Debug */,
				8C934EC1228AF67A00443E68 /* Release */,
			);
			defaultConfigurationIsVisible = 0;
			defaultConfigurationName = Release;
		};
		8C934EC2228AF67A00443E68 /* Build configuration list for PBXNativeTarget "AttysScopeUITests" */ = {
			isa = XCConfigurationList;
			buildConfigurations = (
				8C934EC3228AF67A00443E68 /* Debug */,
				8C934EC4228AF67A00443E68 /* Release */,
			);
			defaultConfigurationIsVisible = 0;
			defaultConfigurationName = Release;
		};
/* End XCConfigurationList section */
	};
	rootObject = 8C934E8C228AF67700443E68 /* Project object */;
}
